<?xml version="1.0" encoding="utf-8"?>
<Project ToolsVersion="4.0" xmlns="http://schemas.microsoft.com/developer/msbuild/2003">
  <ItemGroup>
    <Filter Include="Source Files">
      <UniqueIdentifier>{4FC737F1-C7A5-4376-A066-2A32D752A2FF}</UniqueIdentifier>
      <Extensions>cpp;c;cc;cxx;c++;cppm;ixx;def;odl;idl;hpj;bat;asm;asmx</Extensions>
    </Filter>
    <Filter Include="Header Files">
      <UniqueIdentifier>{93995380-89BD-4b04-88EB-625FBE52EBFB}</UniqueIdentifier>
      <Extensions>h;hh;hpp;hxx;h++;hm;inl;inc;ipp;xsd</Extensions>
    </Filter>
    <Filter Include="Resource Files">
      <UniqueIdentifier>{67DA6AB6-F800-4c08-8B7A-83BB121AAD01}</UniqueIdentifier>
      <Extensions>rc;ico;cur;bmp;dlg;rc2;rct;bin;rgs;gif;jpg;jpeg;jpe;resx;tiff;tif;png;wav;mfcribbon-ms</Extensions>
    </Filter>
  </ItemGroup>
  <ItemGroup>
    <ClInclude Include="modkeys.hpp">
      <Filter>Header Files</Filter>
    </ClInclude>
    <ClInclude Include="slim_formatter.hpp">
      <Filter>Header Files</Filter>
    </ClInclude>
    <ClInclude Include="memory_protect.hpp">
      <Filter>Header Files</Filter>
    </ClInclude>
    <ClInclude Include="clipboard.hpp">
      <Filter>Header Files</Filter>
    </ClInclude>
    <ClInclude Include="monitors.hpp">
      <Filter>Header Files</Filter>
    </ClInclude>
    <ClInclude Include="reactive_dlg.hpp">
      <Filter>Header Files</Filter>
    </ClInclude>
    <ClInclude Include="str_encodes.hpp">
      <Filter>Header Files</Filter>
    </ClInclude>
    <ClInclude Include="TextBox.hpp">
      <Filter>Header Files</Filter>
    </ClInclude>
    <ClInclude Include="inifile_op.hpp">
      <Filter>Header Files</Filter>
    </ClInclude>
    <ClInclude Include="Dropdown_Keyboard.hpp">
      <Filter>Header Files</Filter>
    </ClInclude>
    <ClInclude Include="Filters_ScriptName.hpp">
      <Filter>Header Files</Filter>
    </ClInclude>
    <ClInclude Include="TrackLabel.hpp">
      <Filter>Header Files</Filter>
    </ClInclude>
    <ClInclude Include="Track_Keyboard.hpp">
      <Filter>Header Files</Filter>
    </ClInclude>
    <ClInclude Include="Track_Mouse.hpp">
      <Filter>Header Files</Filter>
    </ClInclude>
    <ClInclude Include="Track_Button.hpp">
      <Filter>Header Files</Filter>
    </ClInclude>
    <ClInclude Include="Easings.hpp">
      <Filter>Header Files</Filter>
    </ClInclude>
    <ClInclude Include="Easings_Misc.hpp">
      <Filter>Header Files</Filter>
    </ClInclude>
    <ClInclude Include="Easings_Tooltip.hpp">
      <Filter>Header Files</Filter>
    </ClInclude>
    <ClInclude Include="Easings_ContextMenu.hpp">
      <Filter>Header Files</Filter>
    </ClInclude>
  </ItemGroup>
  <ItemGroup>
    <ClCompile Include="reactive_dlg.cpp">
      <Filter>Source Files</Filter>
    </ClCompile>
    <ClCompile Include="TextBox.cpp">
      <Filter>Source Files</Filter>
    </ClCompile>
    <ClCompile Include="Dropdown_Keyboard.cpp">
      <Filter>Source Files</Filter>
    </ClCompile>
    <ClCompile Include="Filters_ScriptName.cpp">
      <Filter>Source Files</Filter>
    </ClCompile>
    <ClCompile Include="TrackLabel.cpp">
      <Filter>Source Files</Filter>
    </ClCompile>
    <ClCompile Include="Track_Keyboard.cpp">
      <Filter>Source Files</Filter>
    </ClCompile>
    <ClCompile Include="Track_Mouse.cpp">
      <Filter>Source Files</Filter>
    </ClCompile>
    <ClCompile Include="Track_Button.cpp">
      <Filter>Source Files</Filter>
    </ClCompile>
    <ClCompile Include="Easings.cpp">
      <Filter>Source Files</Filter>
    </ClCompile>
    <ClCompile Include="Easings_Misc.cpp">
      <Filter>Source Files</Filter>
    </ClCompile>
    <ClCompile Include="Easings_Tooltip.cpp">
      <Filter>Source Files</Filter>
    </ClCompile>
    <ClCompile Include="Easings_ContextMenu.cpp">
      <Filter>Source Files</Filter>
    </ClCompile>
  </ItemGroup>
  <ItemGroup>
    <None Include="reactive_dlg.def">
      <Filter>Source Files</Filter>
    </None>
  </ItemGroup>
</Project>